lockfileVersion: 5.3

specifiers:
  axios: ^0.21.1
  typescript: ^4.3.2

dependencies:
  axios: 0.21.1

devDependencies:
  typescript: 4.3.2

packages:

  /axios/0.21.1:
    resolution: {integrity: sha512-dKQiRHxGD9PPRIUNIWvZhPTPpl1rf/OxTYKsqKUDjBwYylTvV7SjSHJb9ratfyzM6wCdLCOYLzs73qpg5c4iGA==}
    dependencies:
      follow-redirects: 1.14.1
    transitivePeerDependencies:
      - debug
    dev: false

  /follow-redirects/1.14.1:
    resolution: {integrity: sha512-HWqDgT7ZEkqRzBvc2s64vSZ/hfOceEol3ac/7tKwzuvEyWx3/4UegXh5oBOIotkGsObyk3xznnSRVADBgWSQVg==}
    engines: {node: '>=4.0'}
    peerDependencies:
      debug: '*'
    peerDependenciesMeta:
      debug:
        optional: true
    dev: false

  /typescript/4.3.2:
    resolution: {integrity: sha512-zZ4hShnmnoVnAHpVHWpTcxdv7dWP60S2FsydQLV8V5PbS3FifjWFFRiHSWpDJahly88PRyV5teTSLoq4eG7mKw==}
    engines: {node: '>=4.2.0'}
    hasBin: true
    dev: true
